// !$*UTF8*$!
{
	archiveVersion = 1;
	classes = {
	};
	objectVersion = 46;
	objects = {

/* Begin PBXBuildFile section */
		B91F0FE71A0576F40027092F /* StandardButton.swift in Sources */ = {isa = PBXBuildFile; fileRef = B91F0FE61A0576F40027092F /* StandardButton.swift */; };
		B91F0FE91A05AD2D0027092F /* MainMenu.swift in Sources */ = {isa = PBXBuildFile; fileRef = B91F0FE81A05AD2D0027092F /* MainMenu.swift */; };
		B91F0FEB1A05AEE30027092F /* MainViewController.swift in Sources */ = {isa = PBXBuildFile; fileRef = B91F0FEA1A05AEE30027092F /* MainViewController.swift */; };
		B937147F19DDE4D8001D8B0F /* AppDelegate.swift in Sources */ = {isa = PBXBuildFile; fileRef = B937147E19DDE4D8001D8B0F /* AppDelegate.swift */; };
		B937148119DDE4D8001D8B0F /* GameScene.sks in Resources */ = {isa = PBXBuildFile; fileRef = B937148019DDE4D8001D8B0F /* GameScene.sks */; };
		B937148319DDE4D8001D8B0F /* GameScene.swift in Sources */ = {isa = PBXBuildFile; fileRef = B937148219DDE4D8001D8B0F /* GameScene.swift */; };
		B937148519DDE4D8001D8B0F /* GameViewController.swift in Sources */ = {isa = PBXBuildFile; fileRef = B937148419DDE4D8001D8B0F /* GameViewController.swift */; };
		B937148819DDE4D8001D8B0F /* Main.storyboard in Resources */ = {isa = PBXBuildFile; fileRef = B937148619DDE4D8001D8B0F /* Main.storyboard */; };
		B937148A19DDE4D8001D8B0F /* Images.xcassets in Resources */ = {isa = PBXBuildFile; fileRef = B937148919DDE4D8001D8B0F /* Images.xcassets */; };
		B937148D19DDE4D8001D8B0F /* LaunchScreen.xib in Resources */ = {isa = PBXBuildFile; fileRef = B937148B19DDE4D8001D8B0F /* LaunchScreen.xib */; };
		B937149919DDE4D9001D8B0F /* SkyJumperTests.swift in Sources */ = {isa = PBXBuildFile; fileRef = B937149819DDE4D9001D8B0F /* SkyJumperTests.swift */; };
/* End PBXBuildFile section */

/* Begin PBXContainerItemProxy section */
		B937149319DDE4D9001D8B0F /* PBXContainerItemProxy */ = {
			isa = PBXContainerItemProxy;
			containerPortal = B937147119DDE4D8001D8B0F /* Project object */;
			proxyType = 1;
			remoteGlobalIDString = B937147819DDE4D8001D8B0F;
			remoteInfo = SkyJumper;
		};
/* End PBXContainerItemProxy section */

/* Begin PBXFileReference section */
		B91F0FE61A0576F40027092F /* StandardButton.swift */ = {isa = PBXFileReference; fileEncoding = 4; lastKnownFileType = sourcecode.swift; name = StandardButton.swift; path = Custom/Buttons/StandardButton.swift; sourceTree = "<group>"; };
		B91F0FE81A05AD2D0027092F /* MainMenu.swift */ = {isa = PBXFileReference; fileEncoding = 4; lastKnownFileType = sourcecode.swift; path = MainMenu.swift; sourceTree = "<group>"; };
		B91F0FEA1A05AEE30027092F /* MainViewController.swift */ = {isa = PBXFileReference; fileEncoding = 4; lastKnownFileType = sourcecode.swift; path = MainViewController.swift; sourceTree = "<group>"; };
		B937147919DDE4D8001D8B0F /* SkyJumper.app */ = {isa = PBXFileReference; explicitFileType = wrapper.application; includeInIndex = 0; path = SkyJumper.app; sourceTree = BUILT_PRODUCTS_DIR; };
		B937147D19DDE4D8001D8B0F /* Info.plist */ = {isa = PBXFileReference; lastKnownFileType = text.plist.xml; path = Info.plist; sourceTree = "<group>"; };
		B937147E19DDE4D8001D8B0F /* AppDelegate.swift */ = {isa = PBXFileReference; lastKnownFileType = sourcecode.swift; path = AppDelegate.swift; sourceTree = "<group>"; };
		B937148019DDE4D8001D8B0F /* GameScene.sks */ = {isa = PBXFileReference; lastKnownFileType = file.sks; path = GameScene.sks; sourceTree = "<group>"; };
		B937148219DDE4D8001D8B0F /* GameScene.swift */ = {isa = PBXFileReference; lastKnownFileType = sourcecode.swift; path = GameScene.swift; sourceTree = "<group>"; tabWidth = 4; usesTabs = 1; };
		B937148419DDE4D8001D8B0F /* GameViewController.swift */ = {isa = PBXFileReference; lastKnownFileType = sourcecode.swift; path = GameViewController.swift; sourceTree = "<group>"; };
		B937148719DDE4D8001D8B0F /* Base */ = {isa = PBXFileReference; lastKnownFileType = file.storyboard; name = Base; path = Base.lproj/Main.storyboard; sourceTree = "<group>"; };
		B937148919DDE4D8001D8B0F /* Images.xcassets */ = {isa = PBXFileReference; lastKnownFileType = folder.assetcatalog; path = Images.xcassets; sourceTree = "<group>"; };
		B937148C19DDE4D8001D8B0F /* Base */ = {isa = PBXFileReference; lastKnownFileType = file.xib; name = Base; path = Base.lproj/LaunchScreen.xib; sourceTree = "<group>"; };
		B937149219DDE4D9001D8B0F /* SkyJumperTests.xctest */ = {isa = PBXFileReference; explicitFileType = wrapper.cfbundle; includeInIndex = 0; path = SkyJumperTests.xctest; sourceTree = BUILT_PRODUCTS_DIR; };
		B937149719DDE4D9001D8B0F /* Info.plist */ = {isa = PBXFileReference; lastKnownFileType = text.plist.xml; path = Info.plist; sourceTree = "<group>"; };
		B937149819DDE4D9001D8B0F /* SkyJumperTests.swift */ = {isa = PBXFileReference; lastKnownFileType = sourcecode.swift; path = SkyJumperTests.swift; sourceTree = "<group>"; };
/* End PBXFileReference section */

/* Begin PBXFrameworksBuildPhase section */
		B937147619DDE4D8001D8B0F /* Frameworks */ = {
			isa = PBXFrameworksBuildPhase;
			buildActionMask = 2147483647;
			files = (
			);
			runOnlyForDeploymentPostprocessing = 0;
		};
		B937148F19DDE4D9001D8B0F /* Frameworks */ = {
			isa = PBXFrameworksBuildPhase;
			buildActionMask = 2147483647;
			files = (
			);
			runOnlyForDeploymentPostprocessing = 0;
		};
/* End PBXFrameworksBuildPhase section */

/* Begin PBXGroup section */
		B937147019DDE4D8001D8B0F = {
			isa = PBXGroup;
			children = (
				B937147B19DDE4D8001D8B0F /* SkyJumper */,
				B937149519DDE4D9001D8B0F /* SkyJumperTests */,
				B937147A19DDE4D8001D8B0F /* Products */,
			);
			sourceTree = "<group>";
		};
		B937147A19DDE4D8001D8B0F /* Products */ = {
			isa = PBXGroup;
			children = (
				B937147919DDE4D8001D8B0F /* SkyJumper.app */,
				B937149219DDE4D9001D8B0F /* SkyJumperTests.xctest */,
			);
			name = Products;
			sourceTree = "<group>";
		};
		B937147B19DDE4D8001D8B0F /* SkyJumper */ = {
			isa = PBXGroup;
			children = (
				B937147E19DDE4D8001D8B0F /* AppDelegate.swift */,
				B937148019DDE4D8001D8B0F /* GameScene.sks */,
				B937148219DDE4D8001D8B0F /* GameScene.swift */,
				B937148419DDE4D8001D8B0F /* GameViewController.swift */,
				B91F0FE81A05AD2D0027092F /* MainMenu.swift */,
				B937148619DDE4D8001D8B0F /* Main.storyboard */,
				B91F0FEA1A05AEE30027092F /* MainViewController.swift */,
				B937148919DDE4D8001D8B0F /* Images.xcassets */,
				B937148B19DDE4D8001D8B0F /* LaunchScreen.xib */,
				B937147C19DDE4D8001D8B0F /* Supporting Files */,
				B91F0FE61A0576F40027092F /* StandardButton.swift */,
			);
			path = SkyJumper;
			sourceTree = "<group>";
		};
		B937147C19DDE4D8001D8B0F /* Supporting Files */ = {
			isa = PBXGroup;
			children = (
				B937147D19DDE4D8001D8B0F /* Info.plist */,
			);
			name = "Supporting Files";
			sourceTree = "<group>";
		};
		B937149519DDE4D9001D8B0F /* SkyJumperTests */ = {
			isa = PBXGroup;
			children = (
				B937149819DDE4D9001D8B0F /* SkyJumperTests.swift */,
				B937149619DDE4D9001D8B0F /* Supporting Files */,
			);
			path = SkyJumperTests;
			sourceTree = "<group>";
		};
		B937149619DDE4D9001D8B0F /* Supporting Files */ = {
			isa = PBXGroup;
			children = (
				B937149719DDE4D9001D8B0F /* Info.plist */,
			);
			name = "Supporting Files";
			sourceTree = "<group>";
		};
/* End PBXGroup section */

/* Begin PBXNativeTarget section */
		B937147819DDE4D8001D8B0F /* SkyJumper */ = {
			isa = PBXNativeTarget;
			buildConfigurationList = B937149C19DDE4D9001D8B0F /* Build configuration list for PBXNativeTarget "SkyJumper" */;
			buildPhases = (
				B937147519DDE4D8001D8B0F /* Sources */,
				B937147619DDE4D8001D8B0F /* Frameworks */,
				B937147719DDE4D8001D8B0F /* Resources */,
			);
			buildRules = (
			);
			dependencies = (
			);
			name = SkyJumper;
			productName = SkyJumper;
			productReference = B937147919DDE4D8001D8B0F /* SkyJumper.app */;
			productType = "com.apple.product-type.application";
		};
		B937149119DDE4D9001D8B0F /* SkyJumperTests */ = {
			isa = PBXNativeTarget;
			buildConfigurationList = B937149F19DDE4D9001D8B0F /* Build configuration list for PBXNativeTarget "SkyJumperTests" */;
			buildPhases = (
				B937148E19DDE4D9001D8B0F /* Sources */,
				B937148F19DDE4D9001D8B0F /* Frameworks */,
				B937149019DDE4D9001D8B0F /* Resources */,
			);
			buildRules = (
			);
			dependencies = (
				B937149419DDE4D9001D8B0F /* PBXTargetDependency */,
			);
			name = SkyJumperTests;
			productName = SkyJumperTests;
			productReference = B937149219DDE4D9001D8B0F /* SkyJumperTests.xctest */;
			productType = "com.apple.product-type.bundle.unit-test";
		};
/* End PBXNativeTarget section */

/* Begin PBXProject section */
		B937147119DDE4D8001D8B0F /* Project object */ = {
			isa = PBXProject;
			attributes = {
				LastUpgradeCheck = 0600;
				ORGANIZATIONNAME = test;
				TargetAttributes = {
					B937147819DDE4D8001D8B0F = {
						CreatedOnToolsVersion = 6.0.1;
						SystemCapabilities = {
							com.apple.BackgroundModes = {
								enabled = 0;
							};
						};
					};
					B937149119DDE4D9001D8B0F = {
						CreatedOnToolsVersion = 6.0.1;
						TestTargetID = B937147819DDE4D8001D8B0F;
					};
				};
			};
			buildConfigurationList = B937147419DDE4D8001D8B0F /* Build configuration list for PBXProject "SkyJumper" */;
			compatibilityVersion = "Xcode 3.2";
			developmentRegion = English;
			hasScannedForEncodings = 0;
			knownRegions = (
				en,
				Base,
			);
			mainGroup = B937147019DDE4D8001D8B0F;
			productRefGroup = B937147A19DDE4D8001D8B0F /* Products */;
			projectDirPath = "";
			projectRoot = "";
			targets = (
				B937147819DDE4D8001D8B0F /* SkyJumper */,
				B937149119DDE4D9001D8B0F /* SkyJumperTests */,
			);
		};
/* End PBXProject section */

/* Begin PBXResourcesBuildPhase section */
		B937147719DDE4D8001D8B0F /* Resources */ = {
			isa = PBXResourcesBuildPhase;
			buildActionMask = 2147483647;
			files = (
				B937148D19DDE4D8001D8B0F /* LaunchScreen.xib in Resources */,
				B937148A19DDE4D8001D8B0F /* Images.xcassets in Resources */,
				B937148119DDE4D8001D8B0F /* GameScene.sks in Resources */,
				B937148819DDE4D8001D8B0F /* Main.storyboard in Resources */,
			);
			runOnlyForDeploymentPostprocessing = 0;
		};
		B937149019DDE4D9001D8B0F /* Resources */ = {
			isa = PBXResourcesBuildPhase;
			buildActionMask = 2147483647;
			files = (
			);
			runOnlyForDeploymentPostprocessing = 0;
		};
/* End PBXResourcesBuildPhase section */

/* Begin PBXSourcesBuildPhase section */
		B937147519DDE4D8001D8B0F /* Sources */ = {
			isa = PBXSourcesBuildPhase;
			buildActionMask = 2147483647;
			files = (
				B91F0FE91A05AD2D0027092F /* MainMenu.swift in Sources */,
				B91F0FE71A0576F40027092F /* StandardButton.swift in Sources */,
				B937148319DDE4D8001D8B0F /* GameScene.swift in Sources */,
				B91F0FEB1A05AEE30027092F /* MainViewController.swift in Sources */,
				B937148519DDE4D8001D8B0F /* GameViewController.swift in Sources */,
				B937147F19DDE4D8001D8B0F /* AppDelegate.swift in Sources */,
			);
			runOnlyForDeploymentPostprocessing = 0;
		};
		B937148E19DDE4D9001D8B0F /* Sources */ = {
			isa = PBXSourcesBuildPhase;
			buildActionMask = 2147483647;
			files = (
				B937149919DDE4D9001D8B0F /* SkyJumperTests.swift in Sources */,
			);
			runOnlyForDeploymentPostprocessing = 0;
		};
/* End PBXSourcesBuildPhase section */

/* Begin PBXTargetDependency section */
		B937149419DDE4D9001D8B0F /* PBXTargetDependency */ = {
			isa = PBXTargetDependency;
			target = B937147819DDE4D8001D8B0F /* SkyJumper */;
			targetProxy = B937149319DDE4D9001D8B0F /* PBXContainerItemProxy */;
		};
/* End PBXTargetDependency section */

/* Begin PBXVariantGroup section */
		B937148619DDE4D8001D8B0F /* Main.storyboard */ = {
			isa = PBXVariantGroup;
			children = (
				B937148719DDE4D8001D8B0F /* Base */,
			);
			name = Main.storyboard;
			sourceTree = "<group>";
		};
		B937148B19DDE4D8001D8B0F /* LaunchScreen.xib */ = {
			isa = PBXVariantGroup;
			children = (
				B937148C19DDE4D8001D8B0F /* Base */,
			);
			name = LaunchScreen.xib;
			sourceTree = "<group>";
		};
/* End PBXVariantGroup section */

/* Begin XCBuildConfiguration section */
		B937149A19DDE4D9001D8B0F /* Debug */ = {
			isa = XCBuildConfiguration;
			buildSettings = {
				ALWAYS_SEARCH_USER_PATHS = NO;
				CLANG_CXX_LANGUAGE_STANDARD = "gnu++0x";
				CLANG_CXX_LIBRARY = "libc++";
				CLANG_ENABLE_MODULES = YES;
				CLANG_ENABLE_OBJC_ARC = YES;
				CLANG_WARN_BOOL_CONVERSION = YES;
				CLANG_WARN_CONSTANT_CONVERSION = YES;
				CLANG_WARN_DIRECT_OBJC_ISA_USAGE = YES_ERROR;
				CLANG_WARN_EMPTY_BODY = YES;
				CLANG_WARN_ENUM_CONVERSION = YES;
				CLANG_WARN_INT_CONVERSION = YES;
				CLANG_WARN_OBJC_ROOT_CLASS = YES_ERROR;
				CLANG_WARN_UNREACHABLE_CODE = YES;
				CLANG_WARN__DUPLICATE_METHOD_MATCH = YES;
				"CODE_SIGN_IDENTITY[sdk=iphoneos*]" = "iPhone Developer";
				COPY_PHASE_STRIP = NO;
				ENABLE_STRICT_OBJC_MSGSEND = YES;
				GCC_C_LANGUAGE_STANDARD = gnu99;
				GCC_DYNAMIC_NO_PIC = NO;
				GCC_OPTIMIZATION_LEVEL = 0;
				GCC_PREPROCESSOR_DEFINITIONS = (
					"DEBUG=1",
					"$(inherited)",
				);
				GCC_SYMBOLS_PRIVATE_EXTERN = NO;
				GCC_WARN_64_TO_32_BIT_CONVERSION = YES;
				GCC_WARN_ABOUT_RETURN_TYPE = YES_ERROR;
				GCC_WARN_UNDECLARED_SELECTOR = YES;
				GCC_WARN_UNINITIALIZED_AUTOS = YES_AGGRESSIVE;
				GCC_WARN_UNUSED_FUNCTION = YES;
				GCC_WARN_UNUSED_VARIABLE = YES;
				IPHONEOS_DEPLOYMENT_TARGET = 8.0;
				MTL_ENABLE_DEBUG_INFO = YES;
				ONLY_ACTIVE_ARCH = YES;
				SDKROOT = iphoneos;
				SWIFT_OPTIMIZATION_LEVEL = "-Onone";
				TARGETED_DEVICE_FAMILY = "1,2";
			};
			name = Debug;
		};
		B937149B19DDE4D9001D8B0F /* Release */ = {
			isa = XCBuildConfiguration;
			buildSettings = {
				ALWAYS_SEARCH_USER_PATHS = NO;
				CLANG_CXX_LANGUAGE_STANDARD = "gnu++0x";
				CLANG_CXX_LIBRARY = "libc++";
				CLANG_ENABLE_MODULES = YES;
				CLANG_ENABLE_OBJC_ARC = YES;
				CLANG_WARN_BOOL_CONVERSION = YES;
				CLANG_WARN_CONSTANT_CONVERSION = YES;
				CLANG_WARN_DIRECT_OBJC_ISA_USAGE = YES_ERROR;
				CLANG_WARN_EMPTY_BODY = YES;
				CLANG_WARN_ENUM_CONVERSION = YES;
				CLANG_WARN_INT_CONVERSION = YES;
				CLANG_WARN_OBJC_ROOT_CLASS = YES_ERROR;
				CLANG_WARN_UNREACHABLE_CODE = YES;
				CLANG_WARN__DUPLICATE_METHOD_MATCH = YES;
				"CODE_SIGN_IDENTITY[sdk=iphoneos*]" = "iPhone Developer";
				COPY_PHASE_STRIP = YES;
				ENABLE_NS_ASSERTIONS = NO;
				ENABLE_STRICT_OBJC_MSGSEND = YES;
				GCC_C_LANGUAGE_STANDARD = gnu99;
				GCC_WARN_64_TO_32_BIT_CONVERSION = YES;
				GCC_WARN_ABOUT_RETURN_TYPE = YES_ERROR;
				GCC_WARN_UNDECLARED_SELECTOR = YES;
				GCC_WARN_UNINITIALIZED_AUTOS = YES_AGGRESSIVE;
				GCC_WARN_UNUSED_FUNCTION = YES;
				GCC_WARN_UNUSED_VARIABLE = YES;
				IPHONEOS_DEPLOYMENT_TARGET = 8.0;
				MTL_ENABLE_DEBUG_INFO = NO;
				SDKROOT = iphoneos;
				TARGETED_DEVICE_FAMILY = "1,2";
				VALIDATE_PRODUCT = YES;
			};
			name = Release;
		};
		B937149D19DDE4D9001D8B0F /* Debug */ = {
			isa = XCBuildConfiguration;
			buildSettings = {
				ASSETCATALOG_COMPILER_APPICON_NAME = AppIcon;
				CODE_SIGN_IDENTITY = "iPhone Developer";
				INFOPLIST_FILE = SkyJumper/Info.plist;
				LD_RUNPATH_SEARCH_PATHS = "$(inherited) @executable_path/Frameworks";
				PRODUCT_NAME = "$(TARGET_NAME)";
				TARGETED_DEVICE_FAMILY = "1,2";
			};
			name = Debug;
		};
		B937149E19DDE4D9001D8B0F /* Release */ = {
			isa = XCBuildConfiguration;
			buildSettings = {
				ASSETCATALOG_COMPILER_APPICON_NAME = AppIcon;
				CODE_SIGN_IDENTITY = "iPhone Developer";
				INFOPLIST_FILE = SkyJumper/Info.plist;
				LD_RUNPATH_SEARCH_PATHS = "$(inherited) @executable_path/Frameworks";
				PRODUCT_NAME = "$(TARGET_NAME)";
				TARGETED_DEVICE_FAMILY = "1,2";
			};
			name = Release;
		};
		B93714A019DDE4D9001D8B0F /* Debug */ = {
			isa = XCBuildConfiguration;
			buildSettings = {
				BUNDLE_LOADER = "$(TEST_HOST)";
				FRAMEWORK_SEARCH_PATHS = (
					"$(SDKROOT)/Developer/Library/Frameworks",
					"$(inherited)",
				);
				GCC_PREPROCESSOR_DEFINITIONS = (
					"DEBUG=1",
					"$(inherited)",
				);
				INFOPLIST_FILE = SkyJumperTests/Info.plist;
				LD_RUNPATH_SEARCH_PATHS = "$(inherited) @executable_path/Frameworks @loader_path/Frameworks";
				PRODUCT_NAME = "$(TARGET_NAME)";
				TEST_HOST = "$(BUILT_PRODUCTS_DIR)/SkyJumper.app/SkyJumper";
			};
			name = Debug;
		};
		B93714A119DDE4D9001D8B0F /* Release */ = {
			isa = XCBuildConfiguration;
			buildSettings = {
				BUNDLE_LOADER = "$(TEST_HOST)";
				FRAMEWORK_SEARCH_PATHS = (
					"$(SDKROOT)/Developer/Library/Frameworks",
					"$(inherited)",
				);
				INFOPLIST_FILE = SkyJumperTests/Info.plist;
				LD_RUNPATH_SEARCH_PATHS = "$(inherited) @executable_path/Frameworks @loader_path/Frameworks";
				PRODUCT_NAME = "$(TARGET_NAME)";
				TEST_HOST = "$(BUILT_PRODUCTS_DIR)/SkyJumper.app/SkyJumper";
			};
			name = Release;
		};
/* End XCBuildConfiguration section */

/* Begin XCConfigurationList section */
		B937147419DDE4D8001D8B0F /* Build configuration list for PBXProject "SkyJumper" */ = {
			isa = XCConfigurationList;
			buildConfigurations = (
				B937149A19DDE4D9001D8B0F /* Debug */,
				B937149B19DDE4D9001D8B0F /* Release */,
			);
			defaultConfigurationIsVisible = 0;
			defaultConfigurationName = Release;
		};
		B937149C19DDE4D9001D8B0F /* Build configuration list for PBXNativeTarget "SkyJumper" */ = {
			isa = XCConfigurationList;
			buildConfigurations = (
				B937149D19DDE4D9001D8B0F /* Debug */,
				B937149E19DDE4D9001D8B0F /* Release */,
			);
			defaultConfigurationIsVisible = 0;
			defaultConfigurationName = Release;
		};
		B937149F19DDE4D9001D8B0F /* Build configuration list for PBXNativeTarget "SkyJumperTests" */ = {
			isa = XCConfigurationList;
			buildConfigurations = (
				B93714A019DDE4D9001D8B0F /* Debug */,
				B93714A119DDE4D9001D8B0F /* Release */,
			);
			defaultConfigurationIsVisible = 0;
			defaultConfigurationName = Release;
		};
/* End XCConfigurationList section */
	};
	rootObject = B937147119DDE4D8001D8B0F /* Project object */;
}
